# This file is autogenerated, do not edit; changes may be undone by the next 'dep ensure'.


[[projects]]
  name = "github.com/naoina/go-stringutil"
  packages = ["."]
  revision = "6b638e95a32d0c1131db0e7fe83775cbea4a0d0b"
  version = "v0.1.0"

[[projects]]
  name = "github.com/naoina/toml"
  packages = [".","ast"]
  revision = "e6f5723bf2a66af014955e0888881314cf294129"
  version = "v0.1.1"

[[projects]]
  branch = "master"
  name = "github.com/nu7hatch/gouuid"
  packages = ["."]
  revision = "179d4d0c4d8d407a32af483c2354df1d2c91e6c3"

[[projects]]
  branch = "master"
  name = "github.com/xenith-studios/go-telnet"
  packages = ["."]
  revision = "881be9fd086711a2427e38d1f0355364edd0dfa9"

[solve-meta]
  analyzer-name = "dep"
  analyzer-version = 1
  inputs-digest = "af39a040bdd27138fc8b932cea2f2d9eae42b91733092531b25293f3fb0e4fc2"
  solver-name = "gps-cdcl"
  solver-version = 1
